
Microsoft Visual Studio Solution File, Format Version 12.00
# Visual Studio 15
VisualStudioVersion = 15.0.27004.2002
MinimumVisualStudioVersion = 10.0.40219.1
Project("{FAE04EC0-301F-11D3-BF4B-00C04F79EFBC}") = "TyphoonBarEx", "TyphoonBarEx\TyphoonBarEx.csproj", "{67C5EEB9-1BEB-417F-B13D-F42CCDE282DE}"
EndProject
Project("{FAE04EC0-301F-11D3-BF4B-00C04F79EFBC}") = "TyphoonBarXlsx", "TyphoonBarXlsx\TyphoonBarXlsx.csproj", "{52C459ED-666F-4F3A-B98D-A0516FC08CC8}"
EndProject
Project("{FAE04EC0-301F-11D3-BF4B-00C04F79EFBC}") = "TyphoonBarOldDateXlsx", "TyphoonBarOldDateXlsx\TyphoonBarOldDateXlsx.csproj", "{35F56CE5-09E6-4335-9334-E49D4EB5D3C0}"
EndProject
Project("{FAE04EC0-301F-11D3-BF4B-00C04F79EFBC}") = "Ace.Typhoon.TyphoonBar", "Ace.Typhoon.TyphoonBar\Ace.Typhoon.TyphoonBar.csproj", "{61F79817-F0DC-444D-8D56-B8594C32517C}"
EndProject
Project("{FAE04EC0-301F-11D3-BF4B-00C04F79EFBC}") = "TyphoonBarStatistics2", "TyphoonBarStatistics2\TyphoonBarStatistics2.csproj", "{74E6BED8-BF74-4EAD-9A05-9F3EC93D92E3}"
EndProject
Global
	GlobalSection(SolutionConfigurationPlatforms) = preSolution
		Debug|Any CPU = Debug|Any CPU
		Release|Any CPU = Release|Any CPU
	EndGlobalSection
	GlobalSection(ProjectConfigurationPlatforms) = postSolution
		{67C5EEB9-1BEB-417F-B13D-F42CCDE282DE}.Debug|Any CPU.ActiveCfg = Debug|Any CPU
		{67C5EEB9-1BEB-417F-B13D-F42CCDE282DE}.Debug|Any CPU.Build.0 = Debug|Any CPU
		{67C5EEB9-1BEB-417F-B13D-F42CCDE282DE}.Release|Any CPU.ActiveCfg = Release|Any CPU
		{67C5EEB9-1BEB-417F-B13D-F42CCDE282DE}.Release|Any CPU.Build.0 = Release|Any CPU
		{52C459ED-666F-4F3A-B98D-A0516FC08CC8}.Debug|Any CPU.ActiveCfg = Debug|Any CPU
		{52C459ED-666F-4F3A-B98D-A0516FC08CC8}.Debug|Any CPU.Build.0 = Debug|Any CPU
		{52C459ED-666F-4F3A-B98D-A0516FC08CC8}.Release|Any CPU.ActiveCfg = Release|Any CPU
		{52C459ED-666F-4F3A-B98D-A0516FC08CC8}.Release|Any CPU.Build.0 = Release|Any CPU
		{35F56CE5-09E6-4335-9334-E49D4EB5D3C0}.Debug|Any CPU.ActiveCfg = Debug|Any CPU
		{35F56CE5-09E6-4335-9334-E49D4EB5D3C0}.Debug|Any CPU.Build.0 = Debug|Any CPU
		{35F56CE5-09E6-4335-9334-E49D4EB5D3C0}.Release|Any CPU.ActiveCfg = Release|Any CPU
		{35F56CE5-09E6-4335-9334-E49D4EB5D3C0}.Release|Any CPU.Build.0 = Release|Any CPU
		{61F79817-F0DC-444D-8D56-B8594C32517C}.Debug|Any CPU.ActiveCfg = Debug|Any CPU
		{61F79817-F0DC-444D-8D56-B8594C32517C}.Debug|Any CPU.Build.0 = Debug|Any CPU
		{61F79817-F0DC-444D-8D56-B8594C32517C}.Release|Any CPU.ActiveCfg = Release|Any CPU
		{61F79817-F0DC-444D-8D56-B8594C32517C}.Release|Any CPU.Build.0 = Release|Any CPU
		{74E6BED8-BF74-4EAD-9A05-9F3EC93D92E3}.Debug|Any CPU.ActiveCfg = Debug|Any CPU
		{74E6BED8-BF74-4EAD-9A05-9F3EC93D92E3}.Debug|Any CPU.Build.0 = Debug|Any CPU
		{74E6BED8-BF74-4EAD-9A05-9F3EC93D92E3}.Release|Any CPU.ActiveCfg = Release|Any CPU
		{74E6BED8-BF74-4EAD-9A05-9F3EC93D92E3}.Release|Any CPU.Build.0 = Release|Any CPU
	EndGlobalSection
	GlobalSection(SolutionProperties) = preSolution
		HideSolutionNode = FALSE
	EndGlobalSection
	GlobalSection(ExtensibilityGlobals) = postSolution
		SolutionGuid = {67972302-960B-4559-9FCA-0B88D4EA950F}
	EndGlobalSection
EndGlobal
